
Microsoft Visual Studio Solution File, Format Version 12.00
# Visual Studio Version 17
VisualStudioVersion = 17.0.32112.339
MinimumVisualStudioVersion = 10.0.40219.1
Project("{FAE04EC0-301F-11D3-BF4B-00C04F79EFBC}") = "BubbleSortApp", "BubbleSortApp\BubbleSortApp.csproj", "{BE5DBE60-8B6E-42E7-8D98-328B5DCE0F7B}"
EndProject
Project("{FAE04EC0-301F-11D3-BF4B-00C04F79EFBC}") = "BubbleSortTest", "BubbleSortTest\BubbleSortTest.csproj", "{FE9FC50D-4A59-45E3-865F-B07080C46FB1}"
EndProject
Global
	GlobalSection(SolutionConfigurationPlatforms) = preSolution
		Debug|Any CPU = Debug|Any CPU
		Release|Any CPU = Release|Any CPU
	EndGlobalSection
	GlobalSection(ProjectConfigurationPlatforms) = postSolution
		{BE5DBE60-8B6E-42E7-8D98-328B5DCE0F7B}.Debug|Any CPU.ActiveCfg = Debug|Any CPU
		{BE5DBE60-8B6E-42E7-8D98-328B5DCE0F7B}.Debug|Any CPU.Build.0 = Debug|Any CPU
		{BE5DBE60-8B6E-42E7-8D98-328B5DCE0F7B}.Release|Any CPU.ActiveCfg = Release|Any CPU
		{BE5DBE60-8B6E-42E7-8D98-328B5DCE0F7B}.Release|Any CPU.Build.0 = Release|Any CPU
		{FE9FC50D-4A59-45E3-865F-B07080C46FB1}.Debug|Any CPU.ActiveCfg = Debug|Any CPU
		{FE9FC50D-4A59-45E3-865F-B07080C46FB1}.Debug|Any CPU.Build.0 = Debug|Any CPU
		{FE9FC50D-4A59-45E3-865F-B07080C46FB1}.Release|Any CPU.ActiveCfg = Release|Any CPU
		{FE9FC50D-4A59-45E3-865F-B07080C46FB1}.Release|Any CPU.Build.0 = Release|Any CPU
	EndGlobalSection
	GlobalSection(SolutionProperties) = preSolution
		HideSolutionNode = FALSE
	EndGlobalSection
	GlobalSection(ExtensibilityGlobals) = postSolution
		SolutionGuid = {25B2F924-A73D-4733-B3BC-ABFF54CDBA79}
	EndGlobalSection
EndGlobal
